# This file is @generated by PDM.
# It is not intended for manual editing.

[metadata]
groups = ["default"]
strategy = ["inherit_metadata"]
lock_version = "4.5.0"
content_hash = "sha256:608400f516c472526d21f49f3a880a1028a35e5d7de8654b2bb542970b5cfb9f"

[[metadata.targets]]
requires_python = ">=3.12.8"
